Microsoft Visual Studio Solution File, Format Version 10.00
# Visual Studio 2008
Project("{8BC9CEB8-8B4A-11D0-8D11-00A0C91BC942}") = "LEngCln", "..\english\Lengcln.vcproj", "{815DE311-1CB3-4979-A226-00AB4DD88E9D}"
EndProject
Project("{8BC9CEB8-8B4A-11D0-8D11-00A0C91BC942}") = "LEngRes", "..\english\lengres.vcproj", "{38635EA1-5905-4466-AE81-DCA7C2CAE9A5}"
	ProjectSection(ProjectDependencies) = postProject
		{815DE311-1CB3-4979-A226-00AB4DD88E9D} = {815DE311-1CB3-4979-A226-00AB4DD88E9D}
	EndProjectSection
EndProject
Project("{8BC9CEB8-8B4A-11D0-8D11-00A0C91BC942}") = "MIG", "Mig.vcproj", "{269A27CE-95EF-46CD-ADC3-ED26D198C93F}"
EndProject
Project("{8BC9CEB8-8B4A-11D0-8D11-00A0C91BC942}") = "Projects", "Projects.vcproj", "{8F373A7A-02C4-40CE-9E9F-1E427AD785F1}"
	ProjectSection(ProjectDependencies) = postProject
		{15E0FB0C-2F7C-4F13-AD87-FC3D80F62E4C} = {15E0FB0C-2F7C-4F13-AD87-FC3D80F62E4C}
		{60BE4F17-243A-4F2F-A099-6057085B30C8} = {60BE4F17-243A-4F2F-A099-6057085B30C8}
		{DBC80535-7DEE-4754-A527-85BE2A6DF0E8} = {DBC80535-7DEE-4754-A527-85BE2A6DF0E8}
		{E5516D3C-C6A5-430B-8199-F320D7D87085} = {E5516D3C-C6A5-430B-8199-F320D7D87085}
		{3AF73D3F-C7E8-4C1C-8CEC-A2655F66310F} = {3AF73D3F-C7E8-4C1C-8CEC-A2655F66310F}
		{5FFFB54A-92F3-4513-803D-E7E550298964} = {5FFFB54A-92F3-4513-803D-E7E550298964}
		{8EC70B7F-8744-4447-8A97-C38DBD8E5F1D} = {8EC70B7F-8744-4447-8A97-C38DBD8E5F1D}
		{38635EA1-5905-4466-AE81-DCA7C2CAE9A5} = {38635EA1-5905-4466-AE81-DCA7C2CAE9A5}
		{E69CDFBE-50CA-4639-B68F-9921F1769AA3} = {E69CDFBE-50CA-4639-B68F-9921F1769AA3}
		{0EEBEDBE-0C4B-4832-8024-E0A2437171F2} = {0EEBEDBE-0C4B-4832-8024-E0A2437171F2}
		{B426D3CB-7971-4DEA-BA2C-13BFC57DCECD} = {B426D3CB-7971-4DEA-BA2C-13BFC57DCECD}
		{6BDABAD7-604F-425C-BF26-5554ED854781} = {6BDABAD7-604F-425C-BF26-5554ED854781}
		{743795E1-2A8F-44F4-9F8B-13D15574F414} = {743795E1-2A8F-44F4-9F8B-13D15574F414}
		{74A869EB-29E4-4626-AD87-18B5D8EDEAA4} = {74A869EB-29E4-4626-AD87-18B5D8EDEAA4}
		{2B7D7EEB-BB87-43AA-8669-57FD5724561F} = {2B7D7EEB-BB87-43AA-8669-57FD5724561F}
		{31771DFE-F93D-4021-AC4F-617E944D77BA} = {31771DFE-F93D-4021-AC4F-617E944D77BA}
	EndProjectSection
EndProject
Project("{8BC9CEB8-8B4A-11D0-8D11-00A0C91BC942}") = "RButton", "..\rbutton\Rbutton.vcproj", "{743795E1-2A8F-44F4-9F8B-13D15574F414}"
EndProject
Project("{8BC9CEB8-8B4A-11D0-8D11-00A0C91BC942}") = "RCombo", "..\rcombo\RCombo.vcproj", "{31771DFE-F93D-4021-AC4F-617E944D77BA}"
	ProjectSection(ProjectDependencies) = postProject
		{D25D556D-E97E-4870-B2F6-2198B606B772} = {D25D556D-E97E-4870-B2F6-2198B606B772}
	EndProjectSection
EndProject
Project("{8BC9CEB8-8B4A-11D0-8D11-00A0C91BC942}") = "REdit", "..\redit\Redit.vcproj", "{0EEBEDBE-0C4B-4832-8024-E0A2437171F2}"
EndProject
Project("{8BC9CEB8-8B4A-11D0-8D11-00A0C91BC942}") = "REdtBt", "..\redtbt\REdtBt.vcproj", "{2B7D7EEB-BB87-43AA-8669-57FD5724561F}"
EndProject
Project("{8BC9CEB8-8B4A-11D0-8D11-00A0C91BC942}") = "RJoyCfg", "..\rjoycfg\RJoyCfg.vcproj", "{60BE4F17-243A-4F2F-A099-6057085B30C8}"
EndProject
Project("{8BC9CEB8-8B4A-11D0-8D11-00A0C91BC942}") = "RListBox", "..\rlistbox\RListBox.vcproj", "{D25D556D-E97E-4870-B2F6-2198B606B772}"
	ProjectSection(ProjectDependencies) = postProject
		{DBC80535-7DEE-4754-A527-85BE2A6DF0E8} = {DBC80535-7DEE-4754-A527-85BE2A6DF0E8}
	EndProjectSection
EndProject
Project("{8BC9CEB8-8B4A-11D0-8D11-00A0C91BC942}") = "RRadio", "..\rradio\RRadio.vcproj", "{5FFFB54A-92F3-4513-803D-E7E550298964}"
EndProject
Project("{8BC9CEB8-8B4A-11D0-8D11-00A0C91BC942}") = "RScrlBar", "..\rscrlbar\Rscrlbar.vcproj", "{DBC80535-7DEE-4754-A527-85BE2A6DF0E8}"
EndProject
Project("{8BC9CEB8-8B4A-11D0-8D11-00A0C91BC942}") = "RSpinBut", "..\rspinbut\Rspinbut.vcproj", "{8EC70B7F-8744-4447-8A97-C38DBD8E5F1D}"
EndProject
Project("{8BC9CEB8-8B4A-11D0-8D11-00A0C91BC942}") = "RSpltBar", "..\rspltbar\RSpltBar.vcproj", "{6BDABAD7-604F-425C-BF26-5554ED854781}"
EndProject
Project("{8BC9CEB8-8B4A-11D0-8D11-00A0C91BC942}") = "RStatic", "..\rstatic\RStatic.vcproj", "{15E0FB0C-2F7C-4F13-AD87-FC3D80F62E4C}"
EndProject
Project("{8BC9CEB8-8B4A-11D0-8D11-00A0C91BC942}") = "RTabs", "..\rtabs\RTabs.vcproj", "{E69CDFBE-50CA-4639-B68F-9921F1769AA3}"
EndProject
Project("{8BC9CEB8-8B4A-11D0-8D11-00A0C91BC942}") = "RTickBox", "..\rtickbox\RTickBox.vcproj", "{3AF73D3F-C7E8-4C1C-8CEC-A2655F66310F}"
EndProject
Project("{8BC9CEB8-8B4A-11D0-8D11-00A0C91BC942}") = "UBfields", "..\ubfields\UBfields.vcproj", "{E5516D3C-C6A5-430B-8199-F320D7D87085}"
EndProject
Project("{8BC9CEB8-8B4A-11D0-8D11-00A0C91BC942}") = "ubatnode", "..\ubatnode\Ubatnode.vcproj", "{B426D3CB-7971-4DEA-BA2C-13BFC57DCECD}"
EndProject
Project("{8BC9CEB8-8B4A-11D0-8D11-00A0C91BC942}") = "ukeylist", "..\input\Ukeylist.vcproj", "{74A869EB-29E4-4626-AD87-18B5D8EDEAA4}"
EndProject
Global
	GlobalSection(SolutionConfigurationPlatforms) = preSolution
		Debug|Win32 = Debug|Win32
		Demo Debug|Win32 = Demo Debug|Win32
		Demo|Win32 = Demo|Win32
		Profile|Win32 = Profile|Win32
		Release|Win32 = Release|Win32
		Unicode Debug|Win32 = Unicode Debug|Win32
		Unicode Release|Win32 = Unicode Release|Win32
	EndGlobalSection
	GlobalSection(ProjectConfigurationPlatforms) = postSolution
		{815DE311-1CB3-4979-A226-00AB4DD88E9D}.Debug|Win32.ActiveCfg = Debug|Win32
		{815DE311-1CB3-4979-A226-00AB4DD88E9D}.Debug|Win32.Build.0 = Debug|Win32
		{815DE311-1CB3-4979-A226-00AB4DD88E9D}.Demo Debug|Win32.ActiveCfg = Debug|Win32
		{815DE311-1CB3-4979-A226-00AB4DD88E9D}.Demo Debug|Win32.Build.0 = Debug|Win32
		{815DE311-1CB3-4979-A226-00AB4DD88E9D}.Demo|Win32.ActiveCfg = Debug|Win32
		{815DE311-1CB3-4979-A226-00AB4DD88E9D}.Demo|Win32.Build.0 = Debug|Win32
		{815DE311-1CB3-4979-A226-00AB4DD88E9D}.Profile|Win32.ActiveCfg = Debug|Win32
		{815DE311-1CB3-4979-A226-00AB4DD88E9D}.Profile|Win32.Build.0 = Debug|Win32
		{815DE311-1CB3-4979-A226-00AB4DD88E9D}.Release|Win32.ActiveCfg = Release|Win32
		{815DE311-1CB3-4979-A226-00AB4DD88E9D}.Release|Win32.Build.0 = Release|Win32
		{815DE311-1CB3-4979-A226-00AB4DD88E9D}.Unicode Debug|Win32.ActiveCfg = Debug|Win32
		{815DE311-1CB3-4979-A226-00AB4DD88E9D}.Unicode Debug|Win32.Build.0 = Debug|Win32
		{815DE311-1CB3-4979-A226-00AB4DD88E9D}.Unicode Release|Win32.ActiveCfg = Release|Win32
		{815DE311-1CB3-4979-A226-00AB4DD88E9D}.Unicode Release|Win32.Build.0 = Release|Win32
		{38635EA1-5905-4466-AE81-DCA7C2CAE9A5}.Debug|Win32.ActiveCfg = Debug|Win32
		{38635EA1-5905-4466-AE81-DCA7C2CAE9A5}.Debug|Win32.Build.0 = Debug|Win32
		{38635EA1-5905-4466-AE81-DCA7C2CAE9A5}.Demo Debug|Win32.ActiveCfg = Debug|Win32
		{38635EA1-5905-4466-AE81-DCA7C2CAE9A5}.Demo Debug|Win32.Build.0 = Debug|Win32
		{38635EA1-5905-4466-AE81-DCA7C2CAE9A5}.Demo|Win32.ActiveCfg = Debug|Win32
		{38635EA1-5905-4466-AE81-DCA7C2CAE9A5}.Demo|Win32.Build.0 = Debug|Win32
		{38635EA1-5905-4466-AE81-DCA7C2CAE9A5}.Profile|Win32.ActiveCfg = Release|Win32
		{38635EA1-5905-4466-AE81-DCA7C2CAE9A5}.Profile|Win32.Build.0 = Release|Win32
		{38635EA1-5905-4466-AE81-DCA7C2CAE9A5}.Release|Win32.ActiveCfg = Release|Win32
		{38635EA1-5905-4466-AE81-DCA7C2CAE9A5}.Release|Win32.Build.0 = Release|Win32
		{38635EA1-5905-4466-AE81-DCA7C2CAE9A5}.Unicode Debug|Win32.ActiveCfg = Debug|Win32
		{38635EA1-5905-4466-AE81-DCA7C2CAE9A5}.Unicode Debug|Win32.Build.0 = Debug|Win32
		{38635EA1-5905-4466-AE81-DCA7C2CAE9A5}.Unicode Release|Win32.ActiveCfg = Release|Win32
		{38635EA1-5905-4466-AE81-DCA7C2CAE9A5}.Unicode Release|Win32.Build.0 = Release|Win32
		{269A27CE-95EF-46CD-ADC3-ED26D198C93F}.Debug|Win32.ActiveCfg = Debug|Win32
		{269A27CE-95EF-46CD-ADC3-ED26D198C93F}.Debug|Win32.Build.0 = Debug|Win32
		{269A27CE-95EF-46CD-ADC3-ED26D198C93F}.Demo Debug|Win32.ActiveCfg = Demo Debug|Win32
		{269A27CE-95EF-46CD-ADC3-ED26D198C93F}.Demo Debug|Win32.Build.0 = Demo Debug|Win32
		{269A27CE-95EF-46CD-ADC3-ED26D198C93F}.Demo|Win32.ActiveCfg = Demo|Win32
		{269A27CE-95EF-46CD-ADC3-ED26D198C93F}.Demo|Win32.Build.0 = Demo|Win32
		{269A27CE-95EF-46CD-ADC3-ED26D198C93F}.Profile|Win32.ActiveCfg = Profile|Win32
		{269A27CE-95EF-46CD-ADC3-ED26D198C93F}.Profile|Win32.Build.0 = Profile|Win32
		{269A27CE-95EF-46CD-ADC3-ED26D198C93F}.Release|Win32.ActiveCfg = Release|Win32
		{269A27CE-95EF-46CD-ADC3-ED26D198C93F}.Release|Win32.Build.0 = Release|Win32
		{269A27CE-95EF-46CD-ADC3-ED26D198C93F}.Unicode Debug|Win32.ActiveCfg = Debug|Win32
		{269A27CE-95EF-46CD-ADC3-ED26D198C93F}.Unicode Debug|Win32.Build.0 = Debug|Win32
		{269A27CE-95EF-46CD-ADC3-ED26D198C93F}.Unicode Release|Win32.ActiveCfg = Release|Win32
		{269A27CE-95EF-46CD-ADC3-ED26D198C93F}.Unicode Release|Win32.Build.0 = Release|Win32
		{8F373A7A-02C4-40CE-9E9F-1E427AD785F1}.Debug|Win32.ActiveCfg = Debug|Win32
		{8F373A7A-02C4-40CE-9E9F-1E427AD785F1}.Debug|Win32.Build.0 = Debug|Win32
		{8F373A7A-02C4-40CE-9E9F-1E427AD785F1}.Demo Debug|Win32.ActiveCfg = Debug|Win32
		{8F373A7A-02C4-40CE-9E9F-1E427AD785F1}.Demo Debug|Win32.Build.0 = Debug|Win32
		{8F373A7A-02C4-40CE-9E9F-1E427AD785F1}.Demo|Win32.ActiveCfg = Debug|Win32
		{8F373A7A-02C4-40CE-9E9F-1E427AD785F1}.Demo|Win32.Build.0 = Debug|Win32
		{8F373A7A-02C4-40CE-9E9F-1E427AD785F1}.Profile|Win32.ActiveCfg = Release|Win32
		{8F373A7A-02C4-40CE-9E9F-1E427AD785F1}.Profile|Win32.Build.0 = Release|Win32
		{8F373A7A-02C4-40CE-9E9F-1E427AD785F1}.Release|Win32.ActiveCfg = Release|Win32
		{8F373A7A-02C4-40CE-9E9F-1E427AD785F1}.Release|Win32.Build.0 = Release|Win32
		{8F373A7A-02C4-40CE-9E9F-1E427AD785F1}.Unicode Debug|Win32.ActiveCfg = Debug|Win32
		{8F373A7A-02C4-40CE-9E9F-1E427AD785F1}.Unicode Debug|Win32.Build.0 = Debug|Win32
		{8F373A7A-02C4-40CE-9E9F-1E427AD785F1}.Unicode Release|Win32.ActiveCfg = Release|Win32
		{8F373A7A-02C4-40CE-9E9F-1E427AD785F1}.Unicode Release|Win32.Build.0 = Release|Win32
		{743795E1-2A8F-44F4-9F8B-13D15574F414}.Debug|Win32.ActiveCfg = Debug|Win32
		{743795E1-2A8F-44F4-9F8B-13D15574F414}.Debug|Win32.Build.0 = Debug|Win32
		{743795E1-2A8F-44F4-9F8B-13D15574F414}.Demo Debug|Win32.ActiveCfg = Debug|Win32
		{743795E1-2A8F-44F4-9F8B-13D15574F414}.Demo Debug|Win32.Build.0 = Debug|Win32
		{743795E1-2A8F-44F4-9F8B-13D15574F414}.Demo|Win32.ActiveCfg = Debug|Win32
		{743795E1-2A8F-44F4-9F8B-13D15574F414}.Demo|Win32.Build.0 = Debug|Win32
		{743795E1-2A8F-44F4-9F8B-13D15574F414}.Profile|Win32.ActiveCfg = Debug|Win32
		{743795E1-2A8F-44F4-9F8B-13D15574F414}.Profile|Win32.Build.0 = Debug|Win32
		{743795E1-2A8F-44F4-9F8B-13D15574F414}.Release|Win32.ActiveCfg = Release|Win32
		{743795E1-2A8F-44F4-9F8B-13D15574F414}.Release|Win32.Build.0 = Release|Win32
		{743795E1-2A8F-44F4-9F8B-13D15574F414}.Unicode Debug|Win32.ActiveCfg = Unicode Debug|Win32
		{743795E1-2A8F-44F4-9F8B-13D15574F414}.Unicode Debug|Win32.Build.0 = Unicode Debug|Win32
		{743795E1-2A8F-44F4-9F8B-13D15574F414}.Unicode Release|Win32.ActiveCfg = Unicode Release|Win32
		{743795E1-2A8F-44F4-9F8B-13D15574F414}.Unicode Release|Win32.Build.0 = Unicode Release|Win32
		{31771DFE-F93D-4021-AC4F-617E944D77BA}.Debug|Win32.ActiveCfg = Debug|Win32
		{31771DFE-F93D-4021-AC4F-617E944D77BA}.Debug|Win32.Build.0 = Debug|Win32
		{31771DFE-F93D-4021-AC4F-617E944D77BA}.Demo Debug|Win32.ActiveCfg = Debug|Win32
		{31771DFE-F93D-4021-AC4F-617E944D77BA}.Demo Debug|Win32.Build.0 = Debug|Win32
		{31771DFE-F93D-4021-AC4F-617E944D77BA}.Demo|Win32.ActiveCfg = Debug|Win32
		{31771DFE-F93D-4021-AC4F-617E944D77BA}.Demo|Win32.Build.0 = Debug|Win32
		{31771DFE-F93D-4021-AC4F-617E944D77BA}.Profile|Win32.ActiveCfg = Release|Win32
		{31771DFE-F93D-4021-AC4F-617E944D77BA}.Profile|Win32.Build.0 = Release|Win32
		{31771DFE-F93D-4021-AC4F-617E944D77BA}.Release|Win32.ActiveCfg = Release|Win32
		{31771DFE-F93D-4021-AC4F-617E944D77BA}.Release|Win32.Build.0 = Release|Win32
		{31771DFE-F93D-4021-AC4F-617E944D77BA}.Unicode Debug|Win32.ActiveCfg = Unicode Debug|Win32
		{31771DFE-F93D-4021-AC4F-617E944D77BA}.Unicode Debug|Win32.Build.0 = Unicode Debug|Win32
		{31771DFE-F93D-4021-AC4F-617E944D77BA}.Unicode Release|Win32.ActiveCfg = Unicode Release|Win32
		{31771DFE-F93D-4021-AC4F-617E944D77BA}.Unicode Release|Win32.Build.0 = Unicode Release|Win32
		{0EEBEDBE-0C4B-4832-8024-E0A2437171F2}.Debug|Win32.ActiveCfg = Debug|Win32
		{0EEBEDBE-0C4B-4832-8024-E0A2437171F2}.Debug|Win32.Build.0 = Debug|Win32
		{0EEBEDBE-0C4B-4832-8024-E0A2437171F2}.Demo Debug|Win32.ActiveCfg = Debug|Win32
		{0EEBEDBE-0C4B-4832-8024-E0A2437171F2}.Demo Debug|Win32.Build.0 = Debug|Win32
		{0EEBEDBE-0C4B-4832-8024-E0A2437171F2}.Demo|Win32.ActiveCfg = Debug|Win32
		{0EEBEDBE-0C4B-4832-8024-E0A2437171F2}.Demo|Win32.Build.0 = Debug|Win32
		{0EEBEDBE-0C4B-4832-8024-E0A2437171F2}.Profile|Win32.ActiveCfg = Debug|Win32
		{0EEBEDBE-0C4B-4832-8024-E0A2437171F2}.Profile|Win32.Build.0 = Debug|Win32
		{0EEBEDBE-0C4B-4832-8024-E0A2437171F2}.Release|Win32.ActiveCfg = Release|Win32
		{0EEBEDBE-0C4B-4832-8024-E0A2437171F2}.Release|Win32.Build.0 = Release|Win32
		{0EEBEDBE-0C4B-4832-8024-E0A2437171F2}.Unicode Debug|Win32.ActiveCfg = Unicode Debug|Win32
		{0EEBEDBE-0C4B-4832-8024-E0A2437171F2}.Unicode Debug|Win32.Build.0 = Unicode Debug|Win32
		{0EEBEDBE-0C4B-4832-8024-E0A2437171F2}.Unicode Release|Win32.ActiveCfg = Unicode Release|Win32
		{0EEBEDBE-0C4B-4832-8024-E0A2437171F2}.Unicode Release|Win32.Build.0 = Unicode Release|Win32
		{2B7D7EEB-BB87-43AA-8669-57FD5724561F}.Debug|Win32.ActiveCfg = Debug|Win32
		{2B7D7EEB-BB87-43AA-8669-57FD5724561F}.Debug|Win32.Build.0 = Debug|Win32
		{2B7D7EEB-BB87-43AA-8669-57FD5724561F}.Demo Debug|Win32.ActiveCfg = Debug|Win32
		{2B7D7EEB-BB87-43AA-8669-57FD5724561F}.Demo Debug|Win32.Build.0 = Debug|Win32
		{2B7D7EEB-BB87-43AA-8669-57FD5724561F}.Demo|Win32.ActiveCfg = Debug|Win32
		{2B7D7EEB-BB87-43AA-8669-57FD5724561F}.Demo|Win32.Build.0 = Debug|Win32
		{2B7D7EEB-BB87-43AA-8669-57FD5724561F}.Profile|Win32.ActiveCfg = Debug|Win32
		{2B7D7EEB-BB87-43AA-8669-57FD5724561F}.Profile|Win32.Build.0 = Debug|Win32
		{2B7D7EEB-BB87-43AA-8669-57FD5724561F}.Release|Win32.ActiveCfg = Release|Win32
		{2B7D7EEB-BB87-43AA-8669-57FD5724561F}.Release|Win32.Build.0 = Release|Win32
		{2B7D7EEB-BB87-43AA-8669-57FD5724561F}.Unicode Debug|Win32.ActiveCfg = Unicode Debug|Win32
		{2B7D7EEB-BB87-43AA-8669-57FD5724561F}.Unicode Debug|Win32.Build.0 = Unicode Debug|Win32
		{2B7D7EEB-BB87-43AA-8669-57FD5724561F}.Unicode Release|Win32.ActiveCfg = Unicode Release|Win32
		{2B7D7EEB-BB87-43AA-8669-57FD5724561F}.Unicode Release|Win32.Build.0 = Unicode Release|Win32
		{60BE4F17-243A-4F2F-A099-6057085B30C8}.Debug|Win32.ActiveCfg = Debug|Win32
		{60BE4F17-243A-4F2F-A099-6057085B30C8}.Debug|Win32.Build.0 = Debug|Win32
		{60BE4F17-243A-4F2F-A099-6057085B30C8}.Demo Debug|Win32.ActiveCfg = Debug|Win32
		{60BE4F17-243A-4F2F-A099-6057085B30C8}.Demo Debug|Win32.Build.0 = Debug|Win32
		{60BE4F17-243A-4F2F-A099-6057085B30C8}.Demo|Win32.ActiveCfg = Debug|Win32
		{60BE4F17-243A-4F2F-A099-6057085B30C8}.Demo|Win32.Build.0 = Debug|Win32
		{60BE4F17-243A-4F2F-A099-6057085B30C8}.Profile|Win32.ActiveCfg = Debug|Win32
		{60BE4F17-243A-4F2F-A099-6057085B30C8}.Profile|Win32.Build.0 = Debug|Win32
		{60BE4F17-243A-4F2F-A099-6057085B30C8}.Release|Win32.ActiveCfg = Release|Win32
		{60BE4F17-243A-4F2F-A099-6057085B30C8}.Release|Win32.Build.0 = Release|Win32
		{60BE4F17-243A-4F2F-A099-6057085B30C8}.Unicode Debug|Win32.ActiveCfg = Unicode Debug|Win32
		{60BE4F17-243A-4F2F-A099-6057085B30C8}.Unicode Debug|Win32.Build.0 = Unicode Debug|Win32
		{60BE4F17-243A-4F2F-A099-6057085B30C8}.Unicode Release|Win32.ActiveCfg = Unicode Release|Win32
		{60BE4F17-243A-4F2F-A099-6057085B30C8}.Unicode Release|Win32.Build.0 = Unicode Release|Win32
		{D25D556D-E97E-4870-B2F6-2198B606B772}.Debug|Win32.ActiveCfg = Debug|Win32
		{D25D556D-E97E-4870-B2F6-2198B606B772}.Debug|Win32.Build.0 = Debug|Win32
		{D25D556D-E97E-4870-B2F6-2198B606B772}.Demo Debug|Win32.ActiveCfg = Debug|Win32
		{D25D556D-E97E-4870-B2F6-2198B606B772}.Demo Debug|Win32.Build.0 = Debug|Win32
		{D25D556D-E97E-4870-B2F6-2198B606B772}.Demo|Win32.ActiveCfg = Debug|Win32
		{D25D556D-E97E-4870-B2F6-2198B606B772}.Demo|Win32.Build.0 = Debug|Win32
		{D25D556D-E97E-4870-B2F6-2198B606B772}.Profile|Win32.ActiveCfg = Unicode Release|Win32
		{D25D556D-E97E-4870-B2F6-2198B606B772}.Profile|Win32.Build.0 = Unicode Release|Win32
		{D25D556D-E97E-4870-B2F6-2198B606B772}.Release|Win32.ActiveCfg = Release|Win32
		{D25D556D-E97E-4870-B2F6-2198B606B772}.Release|Win32.Build.0 = Release|Win32
		{D25D556D-E97E-4870-B2F6-2198B606B772}.Unicode Debug|Win32.ActiveCfg = Unicode Debug|Win32
		{D25D556D-E97E-4870-B2F6-2198B606B772}.Unicode Debug|Win32.Build.0 = Unicode Debug|Win32
		{D25D556D-E97E-4870-B2F6-2198B606B772}.Unicode Release|Win32.ActiveCfg = Unicode Release|Win32
		{D25D556D-E97E-4870-B2F6-2198B606B772}.Unicode Release|Win32.Build.0 = Unicode Release|Win32
		{5FFFB54A-92F3-4513-803D-E7E550298964}.Debug|Win32.ActiveCfg = Debug|Win32
		{5FFFB54A-92F3-4513-803D-E7E550298964}.Debug|Win32.Build.0 = Debug|Win32
		{5FFFB54A-92F3-4513-803D-E7E550298964}.Demo Debug|Win32.ActiveCfg = Debug|Win32
		{5FFFB54A-92F3-4513-803D-E7E550298964}.Demo Debug|Win32.Build.0 = Debug|Win32
		{5FFFB54A-92F3-4513-803D-E7E550298964}.Demo|Win32.ActiveCfg = Debug|Win32
		{5FFFB54A-92F3-4513-803D-E7E550298964}.Demo|Win32.Build.0 = Debug|Win32
		{5FFFB54A-92F3-4513-803D-E7E550298964}.Profile|Win32.ActiveCfg = Unicode Release|Win32
		{5FFFB54A-92F3-4513-803D-E7E550298964}.Profile|Win32.Build.0 = Unicode Release|Win32
		{5FFFB54A-92F3-4513-803D-E7E550298964}.Release|Win32.ActiveCfg = Release|Win32
		{5FFFB54A-92F3-4513-803D-E7E550298964}.Release|Win32.Build.0 = Release|Win32
		{5FFFB54A-92F3-4513-803D-E7E550298964}.Unicode Debug|Win32.ActiveCfg = Unicode Debug|Win32
		{5FFFB54A-92F3-4513-803D-E7E550298964}.Unicode Debug|Win32.Build.0 = Unicode Debug|Win32
		{5FFFB54A-92F3-4513-803D-E7E550298964}.Unicode Release|Win32.ActiveCfg = Unicode Release|Win32
		{5FFFB54A-92F3-4513-803D-E7E550298964}.Unicode Release|Win32.Build.0 = Unicode Release|Win32
		{DBC80535-7DEE-4754-A527-85BE2A6DF0E8}.Debug|Win32.ActiveCfg = Debug|Win32
		{DBC80535-7DEE-4754-A527-85BE2A6DF0E8}.Debug|Win32.Build.0 = Debug|Win32
		{DBC80535-7DEE-4754-A527-85BE2A6DF0E8}.Demo Debug|Win32.ActiveCfg = Debug|Win32
		{DBC80535-7DEE-4754-A527-85BE2A6DF0E8}.Demo Debug|Win32.Build.0 = Debug|Win32
		{DBC80535-7DEE-4754-A527-85BE2A6DF0E8}.Demo|Win32.ActiveCfg = Debug|Win32
		{DBC80535-7DEE-4754-A527-85BE2A6DF0E8}.Demo|Win32.Build.0 = Debug|Win32
		{DBC80535-7DEE-4754-A527-85BE2A6DF0E8}.Profile|Win32.ActiveCfg = Unicode Debug|Win32
		{DBC80535-7DEE-4754-A527-85BE2A6DF0E8}.Profile|Win32.Build.0 = Unicode Debug|Win32
		{DBC80535-7DEE-4754-A527-85BE2A6DF0E8}.Release|Win32.ActiveCfg = Release|Win32
		{DBC80535-7DEE-4754-A527-85BE2A6DF0E8}.Release|Win32.Build.0 = Release|Win32
		{DBC80535-7DEE-4754-A527-85BE2A6DF0E8}.Unicode Debug|Win32.ActiveCfg = Unicode Debug|Win32
		{DBC80535-7DEE-4754-A527-85BE2A6DF0E8}.Unicode Debug|Win32.Build.0 = Unicode Debug|Win32
		{DBC80535-7DEE-4754-A527-85BE2A6DF0E8}.Unicode Release|Win32.ActiveCfg = Unicode Release|Win32
		{DBC80535-7DEE-4754-A527-85BE2A6DF0E8}.Unicode Release|Win32.Build.0 = Unicode Release|Win32
		{8EC70B7F-8744-4447-8A97-C38DBD8E5F1D}.Debug|Win32.ActiveCfg = Debug|Win32
		{8EC70B7F-8744-4447-8A97-C38DBD8E5F1D}.Debug|Win32.Build.0 = Debug|Win32
		{8EC70B7F-8744-4447-8A97-C38DBD8E5F1D}.Demo Debug|Win32.ActiveCfg = Debug|Win32
		{8EC70B7F-8744-4447-8A97-C38DBD8E5F1D}.Demo Debug|Win32.Build.0 = Debug|Win32
		{8EC70B7F-8744-4447-8A97-C38DBD8E5F1D}.Demo|Win32.ActiveCfg = Debug|Win32
		{8EC70B7F-8744-4447-8A97-C38DBD8E5F1D}.Demo|Win32.Build.0 = Debug|Win32
		{8EC70B7F-8744-4447-8A97-C38DBD8E5F1D}.Profile|Win32.ActiveCfg = Unicode Release|Win32
		{8EC70B7F-8744-4447-8A97-C38DBD8E5F1D}.Profile|Win32.Build.0 = Unicode Release|Win32
		{8EC70B7F-8744-4447-8A97-C38DBD8E5F1D}.Release|Win32.ActiveCfg = Release|Win32
		{8EC70B7F-8744-4447-8A97-C38DBD8E5F1D}.Release|Win32.Build.0 = Release|Win32
		{8EC70B7F-8744-4447-8A97-C38DBD8E5F1D}.Unicode Debug|Win32.ActiveCfg = Unicode Debug|Win32
		{8EC70B7F-8744-4447-8A97-C38DBD8E5F1D}.Unicode Debug|Win32.Build.0 = Unicode Debug|Win32
		{8EC70B7F-8744-4447-8A97-C38DBD8E5F1D}.Unicode Release|Win32.ActiveCfg = Unicode Release|Win32
		{8EC70B7F-8744-4447-8A97-C38DBD8E5F1D}.Unicode Release|Win32.Build.0 = Unicode Release|Win32
		{6BDABAD7-604F-425C-BF26-5554ED854781}.Debug|Win32.ActiveCfg = Debug|Win32
		{6BDABAD7-604F-425C-BF26-5554ED854781}.Debug|Win32.Build.0 = Debug|Win32
		{6BDABAD7-604F-425C-BF26-5554ED854781}.Demo Debug|Win32.ActiveCfg = Debug|Win32
		{6BDABAD7-604F-425C-BF26-5554ED854781}.Demo Debug|Win32.Build.0 = Debug|Win32
		{6BDABAD7-604F-425C-BF26-5554ED854781}.Demo|Win32.ActiveCfg = Debug|Win32
		{6BDABAD7-604F-425C-BF26-5554ED854781}.Demo|Win32.Build.0 = Debug|Win32
		{6BDABAD7-604F-425C-BF26-5554ED854781}.Profile|Win32.ActiveCfg = Release|Win32
		{6BDABAD7-604F-425C-BF26-5554ED854781}.Profile|Win32.Build.0 = Release|Win32
		{6BDABAD7-604F-425C-BF26-5554ED854781}.Release|Win32.ActiveCfg = Release|Win32
		{6BDABAD7-604F-425C-BF26-5554ED854781}.Release|Win32.Build.0 = Release|Win32
		{6BDABAD7-604F-425C-BF26-5554ED854781}.Unicode Debug|Win32.ActiveCfg = Unicode Debug|Win32
		{6BDABAD7-604F-425C-BF26-5554ED854781}.Unicode Debug|Win32.Build.0 = Unicode Debug|Win32
		{6BDABAD7-604F-425C-BF26-5554ED854781}.Unicode Release|Win32.ActiveCfg = Unicode Release|Win32
		{6BDABAD7-604F-425C-BF26-5554ED854781}.Unicode Release|Win32.Build.0 = Unicode Release|Win32
		{15E0FB0C-2F7C-4F13-AD87-FC3D80F62E4C}.Debug|Win32.ActiveCfg = Debug|Win32
		{15E0FB0C-2F7C-4F13-AD87-FC3D80F62E4C}.Debug|Win32.Build.0 = Debug|Win32
		{15E0FB0C-2F7C-4F13-AD87-FC3D80F62E4C}.Demo Debug|Win32.ActiveCfg = Debug|Win32
		{15E0FB0C-2F7C-4F13-AD87-FC3D80F62E4C}.Demo Debug|Win32.Build.0 = Debug|Win32
		{15E0FB0C-2F7C-4F13-AD87-FC3D80F62E4C}.Demo|Win32.ActiveCfg = Debug|Win32
		{15E0FB0C-2F7C-4F13-AD87-FC3D80F62E4C}.Demo|Win32.Build.0 = Debug|Win32
		{15E0FB0C-2F7C-4F13-AD87-FC3D80F62E4C}.Profile|Win32.ActiveCfg = Release|Win32
		{15E0FB0C-2F7C-4F13-AD87-FC3D80F62E4C}.Profile|Win32.Build.0 = Release|Win32
		{15E0FB0C-2F7C-4F13-AD87-FC3D80F62E4C}.Release|Win32.ActiveCfg = Release|Win32
		{15E0FB0C-2F7C-4F13-AD87-FC3D80F62E4C}.Release|Win32.Build.0 = Release|Win32
		{15E0FB0C-2F7C-4F13-AD87-FC3D80F62E4C}.Unicode Debug|Win32.ActiveCfg = Unicode Debug|Win32
		{15E0FB0C-2F7C-4F13-AD87-FC3D80F62E4C}.Unicode Debug|Win32.Build.0 = Unicode Debug|Win32
		{15E0FB0C-2F7C-4F13-AD87-FC3D80F62E4C}.Unicode Release|Win32.ActiveCfg = Unicode Release|Win32
		{15E0FB0C-2F7C-4F13-AD87-FC3D80F62E4C}.Unicode Release|Win32.Build.0 = Unicode Release|Win32
		{E69CDFBE-50CA-4639-B68F-9921F1769AA3}.Debug|Win32.ActiveCfg = Debug|Win32
		{E69CDFBE-50CA-4639-B68F-9921F1769AA3}.Debug|Win32.Build.0 = Debug|Win32
		{E69CDFBE-50CA-4639-B68F-9921F1769AA3}.Demo Debug|Win32.ActiveCfg = Debug|Win32
		{E69CDFBE-50CA-4639-B68F-9921F1769AA3}.Demo Debug|Win32.Build.0 = Debug|Win32
		{E69CDFBE-50CA-4639-B68F-9921F1769AA3}.Demo|Win32.ActiveCfg = Debug|Win32
		{E69CDFBE-50CA-4639-B68F-9921F1769AA3}.Demo|Win32.Build.0 = Debug|Win32
		{E69CDFBE-50CA-4639-B68F-9921F1769AA3}.Profile|Win32.ActiveCfg = Release|Win32
		{E69CDFBE-50CA-4639-B68F-9921F1769AA3}.Profile|Win32.Build.0 = Release|Win32
		{E69CDFBE-50CA-4639-B68F-9921F1769AA3}.Release|Win32.ActiveCfg = Release|Win32
		{E69CDFBE-50CA-4639-B68F-9921F1769AA3}.Release|Win32.Build.0 = Release|Win32
		{E69CDFBE-50CA-4639-B68F-9921F1769AA3}.Unicode Debug|Win32.ActiveCfg = Unicode Debug|Win32
		{E69CDFBE-50CA-4639-B68F-9921F1769AA3}.Unicode Debug|Win32.Build.0 = Unicode Debug|Win32
		{E69CDFBE-50CA-4639-B68F-9921F1769AA3}.Unicode Release|Win32.ActiveCfg = Unicode Release|Win32
		{E69CDFBE-50CA-4639-B68F-9921F1769AA3}.Unicode Release|Win32.Build.0 = Unicode Release|Win32
		{3AF73D3F-C7E8-4C1C-8CEC-A2655F66310F}.Debug|Win32.ActiveCfg = Debug|Win32
		{3AF73D3F-C7E8-4C1C-8CEC-A2655F66310F}.Debug|Win32.Build.0 = Debug|Win32
		{3AF73D3F-C7E8-4C1C-8CEC-A2655F66310F}.Demo Debug|Win32.ActiveCfg = Debug|Win32
		{3AF73D3F-C7E8-4C1C-8CEC-A2655F66310F}.Demo Debug|Win32.Build.0 = Debug|Win32
		{3AF73D3F-C7E8-4C1C-8CEC-A2655F66310F}.Demo|Win32.ActiveCfg = Debug|Win32
		{3AF73D3F-C7E8-4C1C-8CEC-A2655F66310F}.Demo|Win32.Build.0 = Debug|Win32
		{3AF73D3F-C7E8-4C1C-8CEC-A2655F66310F}.Profile|Win32.ActiveCfg = Unicode Release|Win32
		{3AF73D3F-C7E8-4C1C-8CEC-A2655F66310F}.Profile|Win32.Build.0 = Unicode Release|Win32
		{3AF73D3F-C7E8-4C1C-8CEC-A2655F66310F}.Release|Win32.ActiveCfg = Release|Win32
		{3AF73D3F-C7E8-4C1C-8CEC-A2655F66310F}.Release|Win32.Build.0 = Release|Win32
		{3AF73D3F-C7E8-4C1C-8CEC-A2655F66310F}.Unicode Debug|Win32.ActiveCfg = Unicode Debug|Win32
		{3AF73D3F-C7E8-4C1C-8CEC-A2655F66310F}.Unicode Debug|Win32.Build.0 = Unicode Debug|Win32
		{3AF73D3F-C7E8-4C1C-8CEC-A2655F66310F}.Unicode Release|Win32.ActiveCfg = Unicode Release|Win32
		{3AF73D3F-C7E8-4C1C-8CEC-A2655F66310F}.Unicode Release|Win32.Build.0 = Unicode Release|Win32
		{E5516D3C-C6A5-430B-8199-F320D7D87085}.Debug|Win32.ActiveCfg = Debug|Win32
		{E5516D3C-C6A5-430B-8199-F320D7D87085}.Debug|Win32.Build.0 = Debug|Win32
		{E5516D3C-C6A5-430B-8199-F320D7D87085}.Demo Debug|Win32.ActiveCfg = Debug|Win32
		{E5516D3C-C6A5-430B-8199-F320D7D87085}.Demo Debug|Win32.Build.0 = Debug|Win32
		{E5516D3C-C6A5-430B-8199-F320D7D87085}.Demo|Win32.ActiveCfg = Debug|Win32
		{E5516D3C-C6A5-430B-8199-F320D7D87085}.Demo|Win32.Build.0 = Debug|Win32
		{E5516D3C-C6A5-430B-8199-F320D7D87085}.Profile|Win32.ActiveCfg = Release|Win32
		{E5516D3C-C6A5-430B-8199-F320D7D87085}.Profile|Win32.Build.0 = Release|Win32
		{E5516D3C-C6A5-430B-8199-F320D7D87085}.Release|Win32.ActiveCfg = Release|Win32
		{E5516D3C-C6A5-430B-8199-F320D7D87085}.Release|Win32.Build.0 = Release|Win32
		{E5516D3C-C6A5-430B-8199-F320D7D87085}.Unicode Debug|Win32.ActiveCfg = Debug|Win32
		{E5516D3C-C6A5-430B-8199-F320D7D87085}.Unicode Debug|Win32.Build.0 = Debug|Win32
		{E5516D3C-C6A5-430B-8199-F320D7D87085}.Unicode Release|Win32.ActiveCfg = Release|Win32
		{E5516D3C-C6A5-430B-8199-F320D7D87085}.Unicode Release|Win32.Build.0 = Release|Win32
		{B426D3CB-7971-4DEA-BA2C-13BFC57DCECD}.Debug|Win32.ActiveCfg = Debug|Win32
		{B426D3CB-7971-4DEA-BA2C-13BFC57DCECD}.Debug|Win32.Build.0 = Debug|Win32
		{B426D3CB-7971-4DEA-BA2C-13BFC57DCECD}.Demo Debug|Win32.ActiveCfg = Debug|Win32
		{B426D3CB-7971-4DEA-BA2C-13BFC57DCECD}.Demo Debug|Win32.Build.0 = Debug|Win32
		{B426D3CB-7971-4DEA-BA2C-13BFC57DCECD}.Demo|Win32.ActiveCfg = Debug|Win32
		{B426D3CB-7971-4DEA-BA2C-13BFC57DCECD}.Demo|Win32.Build.0 = Debug|Win32
		{B426D3CB-7971-4DEA-BA2C-13BFC57DCECD}.Profile|Win32.ActiveCfg = Release|Win32
		{B426D3CB-7971-4DEA-BA2C-13BFC57DCECD}.Profile|Win32.Build.0 = Release|Win32
		{B426D3CB-7971-4DEA-BA2C-13BFC57DCECD}.Release|Win32.ActiveCfg = Release|Win32
		{B426D3CB-7971-4DEA-BA2C-13BFC57DCECD}.Release|Win32.Build.0 = Release|Win32
		{B426D3CB-7971-4DEA-BA2C-13BFC57DCECD}.Unicode Debug|Win32.ActiveCfg = Debug|Win32
		{B426D3CB-7971-4DEA-BA2C-13BFC57DCECD}.Unicode Debug|Win32.Build.0 = Debug|Win32
		{B426D3CB-7971-4DEA-BA2C-13BFC57DCECD}.Unicode Release|Win32.ActiveCfg = Release|Win32
		{B426D3CB-7971-4DEA-BA2C-13BFC57DCECD}.Unicode Release|Win32.Build.0 = Release|Win32
		{74A869EB-29E4-4626-AD87-18B5D8EDEAA4}.Debug|Win32.ActiveCfg = Debug|Win32
		{74A869EB-29E4-4626-AD87-18B5D8EDEAA4}.Debug|Win32.Build.0 = Debug|Win32
		{74A869EB-29E4-4626-AD87-18B5D8EDEAA4}.Demo Debug|Win32.ActiveCfg = Debug|Win32
		{74A869EB-29E4-4626-AD87-18B5D8EDEAA4}.Demo Debug|Win32.Build.0 = Debug|Win32
		{74A869EB-29E4-4626-AD87-18B5D8EDEAA4}.Demo|Win32.ActiveCfg = Debug|Win32
		{74A869EB-29E4-4626-AD87-18B5D8EDEAA4}.Demo|Win32.Build.0 = Debug|Win32
		{74A869EB-29E4-4626-AD87-18B5D8EDEAA4}.Profile|Win32.ActiveCfg = Release|Win32
		{74A869EB-29E4-4626-AD87-18B5D8EDEAA4}.Profile|Win32.Build.0 = Release|Win32
		{74A869EB-29E4-4626-AD87-18B5D8EDEAA4}.Release|Win32.ActiveCfg = Release|Win32
		{74A869EB-29E4-4626-AD87-18B5D8EDEAA4}.Release|Win32.Build.0 = Release|Win32
		{74A869EB-29E4-4626-AD87-18B5D8EDEAA4}.Unicode Debug|Win32.ActiveCfg = Debug|Win32
		{74A869EB-29E4-4626-AD87-18B5D8EDEAA4}.Unicode Debug|Win32.Build.0 = Debug|Win32
		{74A869EB-29E4-4626-AD87-18B5D8EDEAA4}.Unicode Release|Win32.ActiveCfg = Release|Win32
		{74A869EB-29E4-4626-AD87-18B5D8EDEAA4}.Unicode Release|Win32.Build.0 = Release|Win32
	EndGlobalSection
	GlobalSection(SolutionProperties) = preSolution
		HideSolutionNode = FALSE
	EndGlobalSection
EndGlobal
