
Microsoft Visual Studio Solution File, Format Version 10.00
# Visual Studio 2008
Project("{8BC9CEB8-8B4A-11D0-8D11-00A0C91BC942}") = "MIG", "MIG.vcproj", "{5ADF322D-B031-458F-A192-794FA3996782}"
EndProject
Global
	GlobalSection(SolutionConfigurationPlatforms) = preSolution
		Debug|Win32 = Debug|Win32
		Demo Debug|Win32 = Demo Debug|Win32
		Demo|Win32 = Demo|Win32
		Profile|Win32 = Profile|Win32
		Release|Win32 = Release|Win32
	EndGlobalSection
	GlobalSection(ProjectConfigurationPlatforms) = postSolution
		{5ADF322D-B031-458F-A192-794FA3996782}.Debug|Win32.ActiveCfg = Debug|Win32
		{5ADF322D-B031-458F-A192-794FA3996782}.Debug|Win32.Build.0 = Debug|Win32
		{5ADF322D-B031-458F-A192-794FA3996782}.Demo Debug|Win32.ActiveCfg = Demo Debug|Win32
		{5ADF322D-B031-458F-A192-794FA3996782}.Demo Debug|Win32.Build.0 = Demo Debug|Win32
		{5ADF322D-B031-458F-A192-794FA3996782}.Demo|Win32.ActiveCfg = Demo|Win32
		{5ADF322D-B031-458F-A192-794FA3996782}.Demo|Win32.Build.0 = Demo|Win32
		{5ADF322D-B031-458F-A192-794FA3996782}.Profile|Win32.ActiveCfg = Profile|Win32
		{5ADF322D-B031-458F-A192-794FA3996782}.Profile|Win32.Build.0 = Profile|Win32
		{5ADF322D-B031-458F-A192-794FA3996782}.Release|Win32.ActiveCfg = Release|Win32
		{5ADF322D-B031-458F-A192-794FA3996782}.Release|Win32.Build.0 = Release|Win32
	EndGlobalSection
	GlobalSection(SolutionProperties) = preSolution
		HideSolutionNode = FALSE
	EndGlobalSection
EndGlobal
